// !$*UTF8*$!
{
	archiveVersion = 1;
	classes = {
	};
	objectVersion = 55;
	objects = {

/* Begin PBXBuildFile section */
		1612672C294B16C000A66A11 /* EditVC.swift in Sources */ = {isa = PBXBuildFile; fileRef = 1612672B294B16C000A66A11 /* EditVC.swift */; };
		1644DD6329425FFF00A5D56F /* Extension + UIViewController.swift in Sources */ = {isa = PBXBuildFile; fileRef = 1644DD6229425FFF00A5D56F /* Extension + UIViewController.swift */; };
		1644DD6629426B8000A5D56F /* Extension + UIView.swift in Sources */ = {isa = PBXBuildFile; fileRef = 1644DD6529426B8000A5D56F /* Extension + UIView.swift */; };
		1644DD6829426BED00A5D56F /* PlacesTableViewCell.swift in Sources */ = {isa = PBXBuildFile; fileRef = 1644DD6729426BED00A5D56F /* PlacesTableViewCell.swift */; };
		1657CE0C2949C6EB004588C2 /* Extension + PlaceVC.swift in Sources */ = {isa = PBXBuildFile; fileRef = 1657CE0B2949C6EB004588C2 /* Extension + PlaceVC.swift */; };
		165F0B942941B35300D8E70F /* AppDelegate.swift in Sources */ = {isa = PBXBuildFile; fileRef = 165F0B932941B35300D8E70F /* AppDelegate.swift */; };
		165F0B962941B35300D8E70F /* SceneDelegate.swift in Sources */ = {isa = PBXBuildFile; fileRef = 165F0B952941B35300D8E70F /* SceneDelegate.swift */; };
		165F0B9E2941B35300D8E70F /* Places.xcdatamodeld in Sources */ = {isa = PBXBuildFile; fileRef = 165F0B9C2941B35300D8E70F /* Places.xcdatamodeld */; };
		165F0BA02941B35500D8E70F /* Assets.xcassets in Resources */ = {isa = PBXBuildFile; fileRef = 165F0B9F2941B35500D8E70F /* Assets.xcassets */; };
		165F0BA32941B35500D8E70F /* LaunchScreen.storyboard in Resources */ = {isa = PBXBuildFile; fileRef = 165F0BA12941B35500D8E70F /* LaunchScreen.storyboard */; };
		165F0BAE2941B40000D8E70F /* PlacesVC.swift in Sources */ = {isa = PBXBuildFile; fileRef = 165F0BAD2941B40000D8E70F /* PlacesVC.swift */; };
/* End PBXBuildFile section */

/* Begin PBXFileReference section */
		1612672B294B16C000A66A11 /* EditVC.swift */ = {isa = PBXFileReference; lastKnownFileType = sourcecode.swift; path = EditVC.swift; sourceTree = "<group>"; };
		1644DD6229425FFF00A5D56F /* Extension + UIViewController.swift */ = {isa = PBXFileReference; lastKnownFileType = sourcecode.swift; path = "Extension + UIViewController.swift"; sourceTree = "<group>"; };
		1644DD6529426B8000A5D56F /* Extension + UIView.swift */ = {isa = PBXFileReference; lastKnownFileType = sourcecode.swift; path = "Extension + UIView.swift"; sourceTree = "<group>"; };
		1644DD6729426BED00A5D56F /* PlacesTableViewCell.swift */ = {isa = PBXFileReference; lastKnownFileType = sourcecode.swift; path = PlacesTableViewCell.swift; sourceTree = "<group>"; };
		1657CE0B2949C6EB004588C2 /* Extension + PlaceVC.swift */ = {isa = PBXFileReference; lastKnownFileType = sourcecode.swift; path = "Extension + PlaceVC.swift"; sourceTree = "<group>"; };
		165F0B902941B35300D8E70F /* Places.app */ = {isa = PBXFileReference; explicitFileType = wrapper.application; includeInIndex = 0; path = Places.app; sourceTree = BUILT_PRODUCTS_DIR; };
		165F0B932941B35300D8E70F /* AppDelegate.swift */ = {isa = PBXFileReference; lastKnownFileType = sourcecode.swift; path = AppDelegate.swift; sourceTree = "<group>"; };
		165F0B952941B35300D8E70F /* SceneDelegate.swift */ = {isa = PBXFileReference; lastKnownFileType = sourcecode.swift; path = SceneDelegate.swift; sourceTree = "<group>"; };
		165F0B9D2941B35300D8E70F /* Places.xcdatamodel */ = {isa = PBXFileReference; lastKnownFileType = wrapper.xcdatamodel; path = Places.xcdatamodel; sourceTree = "<group>"; };
		165F0B9F2941B35500D8E70F /* Assets.xcassets */ = {isa = PBXFileReference; lastKnownFileType = folder.assetcatalog; path = Assets.xcassets; sourceTree = "<group>"; };
		165F0BA22941B35500D8E70F /* Base */ = {isa = PBXFileReference; lastKnownFileType = file.storyboard; name = Base; path = Base.lproj/LaunchScreen.storyboard; sourceTree = "<group>"; };
		165F0BA42941B35500D8E70F /* Info.plist */ = {isa = PBXFileReference; lastKnownFileType = text.plist.xml; path = Info.plist; sourceTree = "<group>"; };
		165F0BAD2941B40000D8E70F /* PlacesVC.swift */ = {isa = PBXFileReference; lastKnownFileType = sourcecode.swift; path = PlacesVC.swift; sourceTree = "<group>"; };
/* End PBXFileReference section */

/* Begin PBXFrameworksBuildPhase section */
		165F0B8D2941B35300D8E70F /* Frameworks */ = {
			isa = PBXFrameworksBuildPhase;
			buildActionMask = 2147483647;
			files = (
			);
			runOnlyForDeploymentPostprocessing = 0;
		};
/* End PBXFrameworksBuildPhase section */

/* Begin PBXGroup section */
		1644DD6429426B5100A5D56F /* Extensions-Utilities */ = {
			isa = PBXGroup;
			children = (
				1644DD6229425FFF00A5D56F /* Extension + UIViewController.swift */,
				1644DD6529426B8000A5D56F /* Extension + UIView.swift */,
				1657CE0B2949C6EB004588C2 /* Extension + PlaceVC.swift */,
			);
			path = "Extensions-Utilities";
			sourceTree = "<group>";
		};
		165F0B872941B35300D8E70F = {
			isa = PBXGroup;
			children = (
				165F0B922941B35300D8E70F /* Places */,
				165F0B912941B35300D8E70F /* Products */,
			);
			sourceTree = "<group>";
		};
		165F0B912941B35300D8E70F /* Products */ = {
			isa = PBXGroup;
			children = (
				165F0B902941B35300D8E70F /* Places.app */,
			);
			name = Products;
			sourceTree = "<group>";
		};
		165F0B922941B35300D8E70F /* Places */ = {
			isa = PBXGroup;
			children = (
				165F0B932941B35300D8E70F /* AppDelegate.swift */,
				165F0B952941B35300D8E70F /* SceneDelegate.swift */,
				165F0B9C2941B35300D8E70F /* Places.xcdatamodeld */,
				1644DD6429426B5100A5D56F /* Extensions-Utilities */,
				165F0BAA2941B37A00D8E70F /* Controllers */,
				1644DD6729426BED00A5D56F /* PlacesTableViewCell.swift */,
				165F0B9F2941B35500D8E70F /* Assets.xcassets */,
				165F0BA12941B35500D8E70F /* LaunchScreen.storyboard */,
				165F0BA42941B35500D8E70F /* Info.plist */,
			);
			path = Places;
			sourceTree = "<group>";
		};
		165F0BAA2941B37A00D8E70F /* Controllers */ = {
			isa = PBXGroup;
			children = (
				165F0BAD2941B40000D8E70F /* PlacesVC.swift */,
				1612672B294B16C000A66A11 /* EditVC.swift */,
			);
			path = Controllers;
			sourceTree = "<group>";
		};
/* End PBXGroup section */

/* Begin PBXNativeTarget section */
		165F0B8F2941B35300D8E70F /* Places */ = {
			isa = PBXNativeTarget;
			buildConfigurationList = 165F0BA72941B35500D8E70F /* Build configuration list for PBXNativeTarget "Places" */;
			buildPhases = (
				165F0B8C2941B35300D8E70F /* Sources */,
				165F0B8D2941B35300D8E70F /* Frameworks */,
				165F0B8E2941B35300D8E70F /* Resources */,
			);
			buildRules = (
			);
			dependencies = (
			);
			name = Places;
			productName = Places;
			productReference = 165F0B902941B35300D8E70F /* Places.app */;
			productType = "com.apple.product-type.application";
		};
/* End PBXNativeTarget section */

/* Begin PBXProject section */
		165F0B882941B35300D8E70F /* Project object */ = {
			isa = PBXProject;
			attributes = {
				BuildIndependentTargetsInParallel = 1;
				LastSwiftUpdateCheck = 1340;
				LastUpgradeCheck = 1340;
				TargetAttributes = {
					165F0B8F2941B35300D8E70F = {
						CreatedOnToolsVersion = 13.4.1;
					};
				};
			};
			buildConfigurationList = 165F0B8B2941B35300D8E70F /* Build configuration list for PBXProject "Places" */;
			compatibilityVersion = "Xcode 13.0";
			developmentRegion = en;
			hasScannedForEncodings = 0;
			knownRegions = (
				en,
				Base,
			);
			mainGroup = 165F0B872941B35300D8E70F;
			productRefGroup = 165F0B912941B35300D8E70F /* Products */;
			projectDirPath = "";
			projectRoot = "";
			targets = (
				165F0B8F2941B35300D8E70F /* Places */,
			);
		};
/* End PBXProject section */

/* Begin PBXResourcesBuildPhase section */
		165F0B8E2941B35300D8E70F /* Resources */ = {
			isa = PBXResourcesBuildPhase;
			buildActionMask = 2147483647;
			files = (
				165F0BA32941B35500D8E70F /* LaunchScreen.storyboard in Resources */,
				165F0BA02941B35500D8E70F /* Assets.xcassets in Resources */,
			);
			runOnlyForDeploymentPostprocessing = 0;
		};
/* End PBXResourcesBuildPhase section */

/* Begin PBXSourcesBuildPhase section */
		165F0B8C2941B35300D8E70F /* Sources */ = {
			isa = PBXSourcesBuildPhase;
			buildActionMask = 2147483647;
			files = (
				1612672C294B16C000A66A11 /* EditVC.swift in Sources */,
				1644DD6329425FFF00A5D56F /* Extension + UIViewController.swift in Sources */,
				165F0B942941B35300D8E70F /* AppDelegate.swift in Sources */,
				1644DD6829426BED00A5D56F /* PlacesTableViewCell.swift in Sources */,
				1644DD6629426B8000A5D56F /* Extension + UIView.swift in Sources */,
				1657CE0C2949C6EB004588C2 /* Extension + PlaceVC.swift in Sources */,
				165F0B962941B35300D8E70F /* SceneDelegate.swift in Sources */,
				165F0BAE2941B40000D8E70F /* PlacesVC.swift in Sources */,
				165F0B9E2941B35300D8E70F /* Places.xcdatamodeld in Sources */,
			);
			runOnlyForDeploymentPostprocessing = 0;
		};
/* End PBXSourcesBuildPhase section */

/* Begin PBXVariantGroup section */
		165F0BA12941B35500D8E70F /* LaunchScreen.storyboard */ = {
			isa = PBXVariantGroup;
			children = (
				165F0BA22941B35500D8E70F /* Base */,
			);
			name = LaunchScreen.storyboard;
			sourceTree = "<group>";
		};
/* End PBXVariantGroup section */

/* Begin XCBuildConfiguration section */
		165F0BA52941B35500D8E70F /* Debug */ = {
			isa = XCBuildConfiguration;
			buildSettings = {
				ALWAYS_SEARCH_USER_PATHS = NO;
				CLANG_ANALYZER_NONNULL = YES;
				CLANG_ANALYZER_NUMBER_OBJECT_CONVERSION = YES_AGGRESSIVE;
				CLANG_CXX_LANGUAGE_STANDARD = "gnu++17";
				CLANG_ENABLE_MODULES = YES;
				CLANG_ENABLE_OBJC_ARC = YES;
				CLANG_ENABLE_OBJC_WEAK = YES;
				CLANG_WARN_BLOCK_CAPTURE_AUTORELEASING = YES;
				CLANG_WARN_BOOL_CONVERSION = YES;
				CLANG_WARN_COMMA = YES;
				CLANG_WARN_CONSTANT_CONVERSION = YES;
				CLANG_WARN_DEPRECATED_OBJC_IMPLEMENTATIONS = YES;
				CLANG_WARN_DIRECT_OBJC_ISA_USAGE = YES_ERROR;
				CLANG_WARN_DOCUMENTATION_COMMENTS = YES;
				CLANG_WARN_EMPTY_BODY = YES;
				CLANG_WARN_ENUM_CONVERSION = YES;
				CLANG_WARN_INFINITE_RECURSION = YES;
				CLANG_WARN_INT_CONVERSION = YES;
				CLANG_WARN_NON_LITERAL_NULL_CONVERSION = YES;
				CLANG_WARN_OBJC_IMPLICIT_RETAIN_SELF = YES;
				CLANG_WARN_OBJC_LITERAL_CONVERSION = YES;
				CLANG_WARN_OBJC_ROOT_CLASS = YES_ERROR;
				CLANG_WARN_QUOTED_INCLUDE_IN_FRAMEWORK_HEADER = YES;
				CLANG_WARN_RANGE_LOOP_ANALYSIS = YES;
				CLANG_WARN_STRICT_PROTOTYPES = YES;
				CLANG_WARN_SUSPICIOUS_MOVE = YES;
				CLANG_WARN_UNGUARDED_AVAILABILITY = YES_AGGRESSIVE;
				CLANG_WARN_UNREACHABLE_CODE = YES;
				CLANG_WARN__DUPLICATE_METHOD_MATCH = YES;
				COPY_PHASE_STRIP = NO;
				DEBUG_INFORMATION_FORMAT = dwarf;
				ENABLE_STRICT_OBJC_MSGSEND = YES;
				ENABLE_TESTABILITY = YES;
				GCC_C_LANGUAGE_STANDARD = gnu11;
				GCC_DYNAMIC_NO_PIC = NO;
				GCC_NO_COMMON_BLOCKS = YES;
				GCC_OPTIMIZATION_LEVEL = 0;
				GCC_PREPROCESSOR_DEFINITIONS = (
					"DEBUG=1",
					"$(inherited)",
				);
				GCC_WARN_64_TO_32_BIT_CONVERSION = YES;
				GCC_WARN_ABOUT_RETURN_TYPE = YES_ERROR;
				GCC_WARN_UNDECLARED_SELECTOR = YES;
				GCC_WARN_UNINITIALIZED_AUTOS = YES_AGGRESSIVE;
				GCC_WARN_UNUSED_FUNCTION = YES;
				GCC_WARN_UNUSED_VARIABLE = YES;
				IPHONEOS_DEPLOYMENT_TARGET = 15.5;
				MTL_ENABLE_DEBUG_INFO = INCLUDE_SOURCE;
				MTL_FAST_MATH = YES;
				ONLY_ACTIVE_ARCH = YES;
				SDKROOT = iphoneos;
				SWIFT_ACTIVE_COMPILATION_CONDITIONS = DEBUG;
				SWIFT_OPTIMIZATION_LEVEL = "-Onone";
			};
			name = Debug;
		};
		165F0BA62941B35500D8E70F /* Release */ = {
			isa = XCBuildConfiguration;
			buildSettings = {
				ALWAYS_SEARCH_USER_PATHS = NO;
				CLANG_ANALYZER_NONNULL = YES;
				CLANG_ANALYZER_NUMBER_OBJECT_CONVERSION = YES_AGGRESSIVE;
				CLANG_CXX_LANGUAGE_STANDARD = "gnu++17";
				CLANG_ENABLE_MODULES = YES;
				CLANG_ENABLE_OBJC_ARC = YES;
				CLANG_ENABLE_OBJC_WEAK = YES;
				CLANG_WARN_BLOCK_CAPTURE_AUTORELEASING = YES;
				CLANG_WARN_BOOL_CONVERSION = YES;
				CLANG_WARN_COMMA = YES;
				CLANG_WARN_CONSTANT_CONVERSION = YES;
				CLANG_WARN_DEPRECATED_OBJC_IMPLEMENTATIONS = YES;
				CLANG_WARN_DIRECT_OBJC_ISA_USAGE = YES_ERROR;
				CLANG_WARN_DOCUMENTATION_COMMENTS = YES;
				CLANG_WARN_EMPTY_BODY = YES;
				CLANG_WARN_ENUM_CONVERSION = YES;
				CLANG_WARN_INFINITE_RECURSION = YES;
				CLANG_WARN_INT_CONVERSION = YES;
				CLANG_WARN_NON_LITERAL_NULL_CONVERSION = YES;
				CLANG_WARN_OBJC_IMPLICIT_RETAIN_SELF = YES;
				CLANG_WARN_OBJC_LITERAL_CONVERSION = YES;
				CLANG_WARN_OBJC_ROOT_CLASS = YES_ERROR;
				CLANG_WARN_QUOTED_INCLUDE_IN_FRAMEWORK_HEADER = YES;
				CLANG_WARN_RANGE_LOOP_ANALYSIS = YES;
				CLANG_WARN_STRICT_PROTOTYPES = YES;
				CLANG_WARN_SUSPICIOUS_MOVE = YES;
				CLANG_WARN_UNGUARDED_AVAILABILITY = YES_AGGRESSIVE;
				CLANG_WARN_UNREACHABLE_CODE = YES;
				CLANG_WARN__DUPLICATE_METHOD_MATCH = YES;
				COPY_PHASE_STRIP = NO;
				DEBUG_INFORMATION_FORMAT = "dwarf-with-dsym";
				ENABLE_NS_ASSERTIONS = NO;
				ENABLE_STRICT_OBJC_MSGSEND = YES;
				GCC_C_LANGUAGE_STANDARD = gnu11;
				GCC_NO_COMMON_BLOCKS = YES;
				GCC_WARN_64_TO_32_BIT_CONVERSION = YES;
				GCC_WARN_ABOUT_RETURN_TYPE = YES_ERROR;
				GCC_WARN_UNDECLARED_SELECTOR = YES;
				GCC_WARN_UNINITIALIZED_AUTOS = YES_AGGRESSIVE;
				GCC_WARN_UNUSED_FUNCTION = YES;
				GCC_WARN_UNUSED_VARIABLE = YES;
				IPHONEOS_DEPLOYMENT_TARGET = 15.5;
				MTL_ENABLE_DEBUG_INFO = NO;
				MTL_FAST_MATH = YES;
				SDKROOT = iphoneos;
				SWIFT_COMPILATION_MODE = wholemodule;
				SWIFT_OPTIMIZATION_LEVEL = "-O";
				VALIDATE_PRODUCT = YES;
			};
			name = Release;
		};
		165F0BA82941B35500D8E70F /* Debug */ = {
			isa = XCBuildConfiguration;
			buildSettings = {
				ASSETCATALOG_COMPILER_APPICON_NAME = AppIcon;
				ASSETCATALOG_COMPILER_GLOBAL_ACCENT_COLOR_NAME = AccentColor;
				CODE_SIGN_STYLE = Automatic;
				CURRENT_PROJECT_VERSION = 1;
				GENERATE_INFOPLIST_FILE = YES;
				INFOPLIST_FILE = Places/Info.plist;
				INFOPLIST_KEY_UIApplicationSupportsIndirectInputEvents = YES;
				INFOPLIST_KEY_UILaunchStoryboardName = LaunchScreen;
				INFOPLIST_KEY_UISupportedInterfaceOrientations_iPad = "UIInterfaceOrientationPortrait UIInterfaceOrientationPortraitUpsideDown UIInterfaceOrientationLandscapeLeft UIInterfaceOrientationLandscapeRight";
				INFOPLIST_KEY_UISupportedInterfaceOrientations_iPhone = "UIInterfaceOrientationPortrait UIInterfaceOrientationLandscapeLeft UIInterfaceOrientationLandscapeRight";
				LD_RUNPATH_SEARCH_PATHS = (
					"$(inherited)",
					"@executable_path/Frameworks",
				);
				MARKETING_VERSION = 1.0;
				PRODUCT_BUNDLE_IDENTIFIER = company.com.Places;
				PRODUCT_NAME = "$(TARGET_NAME)";
				SWIFT_EMIT_LOC_STRINGS = YES;
				SWIFT_VERSION = 5.0;
				TARGETED_DEVICE_FAMILY = "1,2";
			};
			name = Debug;
		};
		165F0BA92941B35500D8E70F /* Release */ = {
			isa = XCBuildConfiguration;
			buildSettings = {
				ASSETCATALOG_COMPILER_APPICON_NAME = AppIcon;
				ASSETCATALOG_COMPILER_GLOBAL_ACCENT_COLOR_NAME = AccentColor;
				CODE_SIGN_STYLE = Automatic;
				CURRENT_PROJECT_VERSION = 1;
				GENERATE_INFOPLIST_FILE = YES;
				INFOPLIST_FILE = Places/Info.plist;
				INFOPLIST_KEY_UIApplicationSupportsIndirectInputEvents = YES;
				INFOPLIST_KEY_UILaunchStoryboardName = LaunchScreen;
				INFOPLIST_KEY_UISupportedInterfaceOrientations_iPad = "UIInterfaceOrientationPortrait UIInterfaceOrientationPortraitUpsideDown UIInterfaceOrientationLandscapeLeft UIInterfaceOrientationLandscapeRight";
				INFOPLIST_KEY_UISupportedInterfaceOrientations_iPhone = "UIInterfaceOrientationPortrait UIInterfaceOrientationLandscapeLeft UIInterfaceOrientationLandscapeRight";
				LD_RUNPATH_SEARCH_PATHS = (
					"$(inherited)",
					"@executable_path/Frameworks",
				);
				MARKETING_VERSION = 1.0;
				PRODUCT_BUNDLE_IDENTIFIER = company.com.Places;
				PRODUCT_NAME = "$(TARGET_NAME)";
				SWIFT_EMIT_LOC_STRINGS = YES;
				SWIFT_VERSION = 5.0;
				TARGETED_DEVICE_FAMILY = "1,2";
			};
			name = Release;
		};
/* End XCBuildConfiguration section */

/* Begin XCConfigurationList section */
		165F0B8B2941B35300D8E70F /* Build configuration list for PBXProject "Places" */ = {
			isa = XCConfigurationList;
			buildConfigurations = (
				165F0BA52941B35500D8E70F /* Debug */,
				165F0BA62941B35500D8E70F /* Release */,
			);
			defaultConfigurationIsVisible = 0;
			defaultConfigurationName = Release;
		};
		165F0BA72941B35500D8E70F /* Build configuration list for PBXNativeTarget "Places" */ = {
			isa = XCConfigurationList;
			buildConfigurations = (
				165F0BA82941B35500D8E70F /* Debug */,
				165F0BA92941B35500D8E70F /* Release */,
			);
			defaultConfigurationIsVisible = 0;
			defaultConfigurationName = Release;
		};
/* End XCConfigurationList section */

/* Begin XCVersionGroup section */
		165F0B9C2941B35300D8E70F /* Places.xcdatamodeld */ = {
			isa = XCVersionGroup;
			children = (
				165F0B9D2941B35300D8E70F /* Places.xcdatamodel */,
			);
			currentVersion = 165F0B9D2941B35300D8E70F /* Places.xcdatamodel */;
			path = Places.xcdatamodeld;
			sourceTree = "<group>";
			versionGroupType = wrapper.xcdatamodel;
		};
/* End XCVersionGroup section */
	};
	rootObject = 165F0B882941B35300D8E70F /* Project object */;
}
